
Microsoft Visual Studio Solution File, Format Version 11.00
# Visual Studio 2010
Project("{FAE04EC0-301F-11D3-BF4B-00C04F79EFBC}") = "Assembly-CSharp", "Assembly-CSharp.csproj", "{ea3ae369-cba3-c4ab-1cda-5bd0d9be6141}"
EndProject
Project("{FAE04EC0-301F-11D3-BF4B-00C04F79EFBC}") = "Assembly-CSharp", "Assembly-CSharp.Player.csproj", "{33d137ff-de13-02a4-a765-74cb03d125d2}"
EndProject
Global
	GlobalSection(SolutionConfigurationPlatforms) = preSolution
		Debug|Any CPU = Debug|Any CPU
		Release|Any CPU = Release|Any CPU
	EndGlobalSection
	GlobalSection(ProjectConfigurationPlatforms) = postSolution
		{ea3ae369-cba3-c4ab-1cda-5bd0d9be6141}.Debug|Any CPU.ActiveCfg = Debug|Any CPU
		{ea3ae369-cba3-c4ab-1cda-5bd0d9be6141}.Debug|Any CPU.Build.0 = Debug|Any CPU
		{ea3ae369-cba3-c4ab-1cda-5bd0d9be6141}.Release|Any CPU.ActiveCfg = Release|Any CPU
		{ea3ae369-cba3-c4ab-1cda-5bd0d9be6141}.Release|Any CPU.Build.0 = Release|Any CPU
		{33d137ff-de13-02a4-a765-74cb03d125d2}.Debug|Any CPU.ActiveCfg = Debug|Any CPU
		{33d137ff-de13-02a4-a765-74cb03d125d2}.Debug|Any CPU.Build.0 = Debug|Any CPU
		{33d137ff-de13-02a4-a765-74cb03d125d2}.Release|Any CPU.ActiveCfg = Release|Any CPU
		{33d137ff-de13-02a4-a765-74cb03d125d2}.Release|Any CPU.Build.0 = Release|Any CPU
	EndGlobalSection
	GlobalSection(SolutionProperties) = preSolution
		HideSolutionNode = FALSE
	EndGlobalSection
EndGlobal
